
Microsoft Visual Studio Solution File, Format Version 12.00
# Visual Studio 15
VisualStudioVersion = 15.0.27703.2026
MinimumVisualStudioVersion = 10.0.40219.1
Project("{FAE04EC0-301F-11D3-BF4B-00C04F79EFBC}") = "EmbeddedPicker.Android", "EmbeddedPicker\EmbeddedPicker.Android\EmbeddedPicker.Android.csproj", "{B45475F2-4A4C-4B14-B0C0-EB1E8E4037F2}"
EndProject
Project("{FAE04EC0-301F-11D3-BF4B-00C04F79EFBC}") = "EmbeddedPicker.iOS", "EmbeddedPicker\EmbeddedPicker.iOS\EmbeddedPicker.iOS.csproj", "{6D3B4DB2-C066-48E8-88D7-F00390F4BE89}"
EndProject
Project("{FAE04EC0-301F-11D3-BF4B-00C04F79EFBC}") = "EmbeddedPicker", "EmbeddedPicker\EmbeddedPicker\EmbeddedPicker.csproj", "{450E407C-30AA-4B12-8546-C05DBFE4EFFB}"
EndProject
Global
	GlobalSection(SolutionConfigurationPlatforms) = preSolution
		Ad-Hoc|Any CPU = Ad-Hoc|Any CPU
		Ad-Hoc|iPhone = Ad-Hoc|iPhone
		Ad-Hoc|iPhoneSimulator = Ad-Hoc|iPhoneSimulator
		AppStore|Any CPU = AppStore|Any CPU
		AppStore|iPhone = AppStore|iPhone
		AppStore|iPhoneSimulator = AppStore|iPhoneSimulator
		Debug|Any CPU = Debug|Any CPU
		Debug|iPhone = Debug|iPhone
		Debug|iPhoneSimulator = Debug|iPhoneSimulator
		Release|Any CPU = Release|Any CPU
		Release|iPhone = Release|iPhone
		Release|iPhoneSimulator = Release|iPhoneSimulator
	EndGlobalSection
	GlobalSection(ProjectConfigurationPlatforms) = postSolution
		{B45475F2-4A4C-4B14-B0C0-EB1E8E4037F2}.Ad-Hoc|Any CPU.ActiveCfg = Release|Any CPU
		{B45475F2-4A4C-4B14-B0C0-EB1E8E4037F2}.Ad-Hoc|Any CPU.Build.0 = Release|Any CPU
		{B45475F2-4A4C-4B14-B0C0-EB1E8E4037F2}.Ad-Hoc|Any CPU.Deploy.0 = Release|Any CPU
		{B45475F2-4A4C-4B14-B0C0-EB1E8E4037F2}.Ad-Hoc|iPhone.ActiveCfg = Release|Any CPU
		{B45475F2-4A4C-4B14-B0C0-EB1E8E4037F2}.Ad-Hoc|iPhone.Build.0 = Release|Any CPU
		{B45475F2-4A4C-4B14-B0C0-EB1E8E4037F2}.Ad-Hoc|iPhone.Deploy.0 = Release|Any CPU
		{B45475F2-4A4C-4B14-B0C0-EB1E8E4037F2}.Ad-Hoc|iPhoneSimulator.ActiveCfg = Release|Any CPU
		{B45475F2-4A4C-4B14-B0C0-EB1E8E4037F2}.Ad-Hoc|iPhoneSimulator.Build.0 = Release|Any CPU
		{B45475F2-4A4C-4B14-B0C0-EB1E8E4037F2}.Ad-Hoc|iPhoneSimulator.Deploy.0 = Release|Any CPU
		{B45475F2-4A4C-4B14-B0C0-EB1E8E4037F2}.AppStore|Any CPU.ActiveCfg = Release|Any CPU
		{B45475F2-4A4C-4B14-B0C0-EB1E8E4037F2}.AppStore|Any CPU.Build.0 = Release|Any CPU
		{B45475F2-4A4C-4B14-B0C0-EB1E8E4037F2}.AppStore|Any CPU.Deploy.0 = Release|Any CPU
		{B45475F2-4A4C-4B14-B0C0-EB1E8E4037F2}.AppStore|iPhone.ActiveCfg = Release|Any CPU
		{B45475F2-4A4C-4B14-B0C0-EB1E8E4037F2}.AppStore|iPhone.Build.0 = Release|Any CPU
		{B45475F2-4A4C-4B14-B0C0-EB1E8E4037F2}.AppStore|iPhone.Deploy.0 = Release|Any CPU
		{B45475F2-4A4C-4B14-B0C0-EB1E8E4037F2}.AppStore|iPhoneSimulator.ActiveCfg = Release|Any CPU
		{B45475F2-4A4C-4B14-B0C0-EB1E8E4037F2}.AppStore|iPhoneSimulator.Build.0 = Release|Any CPU
		{B45475F2-4A4C-4B14-B0C0-EB1E8E4037F2}.AppStore|iPhoneSimulator.Deploy.0 = Release|Any CPU
		{B45475F2-4A4C-4B14-B0C0-EB1E8E4037F2}.Debug|Any CPU.ActiveCfg = Debug|Any CPU
		{B45475F2-4A4C-4B14-B0C0-EB1E8E4037F2}.Debug|Any CPU.Build.0 = Debug|Any CPU
		{B45475F2-4A4C-4B14-B0C0-EB1E8E4037F2}.Debug|Any CPU.Deploy.0 = Debug|Any CPU
		{B45475F2-4A4C-4B14-B0C0-EB1E8E4037F2}.Debug|iPhone.ActiveCfg = Debug|Any CPU
		{B45475F2-4A4C-4B14-B0C0-EB1E8E4037F2}.Debug|iPhone.Build.0 = Debug|Any CPU
		{B45475F2-4A4C-4B14-B0C0-EB1E8E4037F2}.Debug|iPhone.Deploy.0 = Debug|Any CPU
		{B45475F2-4A4C-4B14-B0C0-EB1E8E4037F2}.Debug|iPhoneSimulator.ActiveCfg = Debug|Any CPU
		{B45475F2-4A4C-4B14-B0C0-EB1E8E4037F2}.Debug|iPhoneSimulator.Build.0 = Debug|Any CPU
		{B45475F2-4A4C-4B14-B0C0-EB1E8E4037F2}.Debug|iPhoneSimulator.Deploy.0 = Debug|Any CPU
		{B45475F2-4A4C-4B14-B0C0-EB1E8E4037F2}.Release|Any CPU.ActiveCfg = Release|Any CPU
		{B45475F2-4A4C-4B14-B0C0-EB1E8E4037F2}.Release|Any CPU.Build.0 = Release|Any CPU
		{B45475F2-4A4C-4B14-B0C0-EB1E8E4037F2}.Release|Any CPU.Deploy.0 = Release|Any CPU
		{B45475F2-4A4C-4B14-B0C0-EB1E8E4037F2}.Release|iPhone.ActiveCfg = Release|Any CPU
		{B45475F2-4A4C-4B14-B0C0-EB1E8E4037F2}.Release|iPhone.Build.0 = Release|Any CPU
		{B45475F2-4A4C-4B14-B0C0-EB1E8E4037F2}.Release|iPhone.Deploy.0 = Release|Any CPU
		{B45475F2-4A4C-4B14-B0C0-EB1E8E4037F2}.Release|iPhoneSimulator.ActiveCfg = Release|Any CPU
		{B45475F2-4A4C-4B14-B0C0-EB1E8E4037F2}.Release|iPhoneSimulator.Build.0 = Release|Any CPU
		{B45475F2-4A4C-4B14-B0C0-EB1E8E4037F2}.Release|iPhoneSimulator.Deploy.0 = Release|Any CPU
		{6D3B4DB2-C066-48E8-88D7-F00390F4BE89}.Ad-Hoc|Any CPU.ActiveCfg = Ad-Hoc|iPhone
		{6D3B4DB2-C066-48E8-88D7-F00390F4BE89}.Ad-Hoc|Any CPU.Build.0 = Ad-Hoc|iPhone
		{6D3B4DB2-C066-48E8-88D7-F00390F4BE89}.Ad-Hoc|Any CPU.Deploy.0 = Ad-Hoc|iPhone
		{6D3B4DB2-C066-48E8-88D7-F00390F4BE89}.Ad-Hoc|iPhone.ActiveCfg = Ad-Hoc|iPhone
		{6D3B4DB2-C066-48E8-88D7-F00390F4BE89}.Ad-Hoc|iPhone.Build.0 = Ad-Hoc|iPhone
		{6D3B4DB2-C066-48E8-88D7-F00390F4BE89}.Ad-Hoc|iPhone.Deploy.0 = Ad-Hoc|iPhone
		{6D3B4DB2-C066-48E8-88D7-F00390F4BE89}.Ad-Hoc|iPhoneSimulator.ActiveCfg = Ad-Hoc|iPhoneSimulator
		{6D3B4DB2-C066-48E8-88D7-F00390F4BE89}.Ad-Hoc|iPhoneSimulator.Build.0 = Ad-Hoc|iPhoneSimulator
		{6D3B4DB2-C066-48E8-88D7-F00390F4BE89}.Ad-Hoc|iPhoneSimulator.Deploy.0 = Ad-Hoc|iPhoneSimulator
		{6D3B4DB2-C066-48E8-88D7-F00390F4BE89}.AppStore|Any CPU.ActiveCfg = AppStore|iPhone
		{6D3B4DB2-C066-48E8-88D7-F00390F4BE89}.AppStore|Any CPU.Build.0 = AppStore|iPhone
		{6D3B4DB2-C066-48E8-88D7-F00390F4BE89}.AppStore|Any CPU.Deploy.0 = AppStore|iPhone
		{6D3B4DB2-C066-48E8-88D7-F00390F4BE89}.AppStore|iPhone.ActiveCfg = AppStore|iPhone
		{6D3B4DB2-C066-48E8-88D7-F00390F4BE89}.AppStore|iPhone.Build.0 = AppStore|iPhone
		{6D3B4DB2-C066-48E8-88D7-F00390F4BE89}.AppStore|iPhone.Deploy.0 = AppStore|iPhone
		{6D3B4DB2-C066-48E8-88D7-F00390F4BE89}.AppStore|iPhoneSimulator.ActiveCfg = AppStore|iPhoneSimulator
		{6D3B4DB2-C066-48E8-88D7-F00390F4BE89}.AppStore|iPhoneSimulator.Build.0 = AppStore|iPhoneSimulator
		{6D3B4DB2-C066-48E8-88D7-F00390F4BE89}.AppStore|iPhoneSimulator.Deploy.0 = AppStore|iPhoneSimulator
		{6D3B4DB2-C066-48E8-88D7-F00390F4BE89}.Debug|Any CPU.ActiveCfg = Debug|iPhoneSimulator
		{6D3B4DB2-C066-48E8-88D7-F00390F4BE89}.Debug|Any CPU.Build.0 = Debug|iPhoneSimulator
		{6D3B4DB2-C066-48E8-88D7-F00390F4BE89}.Debug|Any CPU.Deploy.0 = Debug|iPhoneSimulator
		{6D3B4DB2-C066-48E8-88D7-F00390F4BE89}.Debug|iPhone.ActiveCfg = Debug|iPhone
		{6D3B4DB2-C066-48E8-88D7-F00390F4BE89}.Debug|iPhone.Build.0 = Debug|iPhone
		{6D3B4DB2-C066-48E8-88D7-F00390F4BE89}.Debug|iPhone.Deploy.0 = Debug|iPhone
		{6D3B4DB2-C066-48E8-88D7-F00390F4BE89}.Debug|iPhoneSimulator.ActiveCfg = Debug|iPhoneSimulator
		{6D3B4DB2-C066-48E8-88D7-F00390F4BE89}.Debug|iPhoneSimulator.Build.0 = Debug|iPhoneSimulator
		{6D3B4DB2-C066-48E8-88D7-F00390F4BE89}.Debug|iPhoneSimulator.Deploy.0 = Debug|iPhoneSimulator
		{6D3B4DB2-C066-48E8-88D7-F00390F4BE89}.Release|Any CPU.ActiveCfg = Release|iPhone
		{6D3B4DB2-C066-48E8-88D7-F00390F4BE89}.Release|Any CPU.Build.0 = Release|iPhone
		{6D3B4DB2-C066-48E8-88D7-F00390F4BE89}.Release|Any CPU.Deploy.0 = Release|iPhone
		{6D3B4DB2-C066-48E8-88D7-F00390F4BE89}.Release|iPhone.ActiveCfg = Release|iPhone
		{6D3B4DB2-C066-48E8-88D7-F00390F4BE89}.Release|iPhone.Build.0 = Release|iPhone
		{6D3B4DB2-C066-48E8-88D7-F00390F4BE89}.Release|iPhone.Deploy.0 = Release|iPhone
		{6D3B4DB2-C066-48E8-88D7-F00390F4BE89}.Release|iPhoneSimulator.ActiveCfg = Release|iPhoneSimulator
		{6D3B4DB2-C066-48E8-88D7-F00390F4BE89}.Release|iPhoneSimulator.Build.0 = Release|iPhoneSimulator
		{6D3B4DB2-C066-48E8-88D7-F00390F4BE89}.Release|iPhoneSimulator.Deploy.0 = Release|iPhoneSimulator
		{450E407C-30AA-4B12-8546-C05DBFE4EFFB}.Ad-Hoc|Any CPU.ActiveCfg = Debug|Any CPU
		{450E407C-30AA-4B12-8546-C05DBFE4EFFB}.Ad-Hoc|Any CPU.Build.0 = Debug|Any CPU
		{450E407C-30AA-4B12-8546-C05DBFE4EFFB}.Ad-Hoc|Any CPU.Deploy.0 = Debug|Any CPU
		{450E407C-30AA-4B12-8546-C05DBFE4EFFB}.Ad-Hoc|iPhone.ActiveCfg = Debug|Any CPU
		{450E407C-30AA-4B12-8546-C05DBFE4EFFB}.Ad-Hoc|iPhone.Build.0 = Debug|Any CPU
		{450E407C-30AA-4B12-8546-C05DBFE4EFFB}.Ad-Hoc|iPhone.Deploy.0 = Debug|Any CPU
		{450E407C-30AA-4B12-8546-C05DBFE4EFFB}.Ad-Hoc|iPhoneSimulator.ActiveCfg = Debug|Any CPU
		{450E407C-30AA-4B12-8546-C05DBFE4EFFB}.Ad-Hoc|iPhoneSimulator.Build.0 = Debug|Any CPU
		{450E407C-30AA-4B12-8546-C05DBFE4EFFB}.Ad-Hoc|iPhoneSimulator.Deploy.0 = Debug|Any CPU
		{450E407C-30AA-4B12-8546-C05DBFE4EFFB}.AppStore|Any CPU.ActiveCfg = Debug|Any CPU
		{450E407C-30AA-4B12-8546-C05DBFE4EFFB}.AppStore|Any CPU.Build.0 = Debug|Any CPU
		{450E407C-30AA-4B12-8546-C05DBFE4EFFB}.AppStore|Any CPU.Deploy.0 = Debug|Any CPU
		{450E407C-30AA-4B12-8546-C05DBFE4EFFB}.AppStore|iPhone.ActiveCfg = Debug|Any CPU
		{450E407C-30AA-4B12-8546-C05DBFE4EFFB}.AppStore|iPhone.Build.0 = Debug|Any CPU
		{450E407C-30AA-4B12-8546-C05DBFE4EFFB}.AppStore|iPhone.Deploy.0 = Debug|Any CPU
		{450E407C-30AA-4B12-8546-C05DBFE4EFFB}.AppStore|iPhoneSimulator.ActiveCfg = Debug|Any CPU
		{450E407C-30AA-4B12-8546-C05DBFE4EFFB}.AppStore|iPhoneSimulator.Build.0 = Debug|Any CPU
		{450E407C-30AA-4B12-8546-C05DBFE4EFFB}.AppStore|iPhoneSimulator.Deploy.0 = Debug|Any CPU
		{450E407C-30AA-4B12-8546-C05DBFE4EFFB}.Debug|Any CPU.ActiveCfg = Debug|Any CPU
		{450E407C-30AA-4B12-8546-C05DBFE4EFFB}.Debug|Any CPU.Build.0 = Debug|Any CPU
		{450E407C-30AA-4B12-8546-C05DBFE4EFFB}.Debug|Any CPU.Deploy.0 = Debug|Any CPU
		{450E407C-30AA-4B12-8546-C05DBFE4EFFB}.Debug|iPhone.ActiveCfg = Debug|Any CPU
		{450E407C-30AA-4B12-8546-C05DBFE4EFFB}.Debug|iPhone.Build.0 = Debug|Any CPU
		{450E407C-30AA-4B12-8546-C05DBFE4EFFB}.Debug|iPhone.Deploy.0 = Debug|Any CPU
		{450E407C-30AA-4B12-8546-C05DBFE4EFFB}.Debug|iPhoneSimulator.ActiveCfg = Debug|Any CPU
		{450E407C-30AA-4B12-8546-C05DBFE4EFFB}.Debug|iPhoneSimulator.Build.0 = Debug|Any CPU
		{450E407C-30AA-4B12-8546-C05DBFE4EFFB}.Debug|iPhoneSimulator.Deploy.0 = Debug|Any CPU
		{450E407C-30AA-4B12-8546-C05DBFE4EFFB}.Release|Any CPU.ActiveCfg = Release|Any CPU
		{450E407C-30AA-4B12-8546-C05DBFE4EFFB}.Release|Any CPU.Build.0 = Release|Any CPU
		{450E407C-30AA-4B12-8546-C05DBFE4EFFB}.Release|Any CPU.Deploy.0 = Release|Any CPU
		{450E407C-30AA-4B12-8546-C05DBFE4EFFB}.Release|iPhone.ActiveCfg = Release|Any CPU
		{450E407C-30AA-4B12-8546-C05DBFE4EFFB}.Release|iPhone.Build.0 = Release|Any CPU
		{450E407C-30AA-4B12-8546-C05DBFE4EFFB}.Release|iPhone.Deploy.0 = Release|Any CPU
		{450E407C-30AA-4B12-8546-C05DBFE4EFFB}.Release|iPhoneSimulator.ActiveCfg = Release|Any CPU
		{450E407C-30AA-4B12-8546-C05DBFE4EFFB}.Release|iPhoneSimulator.Build.0 = Release|Any CPU
		{450E407C-30AA-4B12-8546-C05DBFE4EFFB}.Release|iPhoneSimulator.Deploy.0 = Release|Any CPU
	EndGlobalSection
	GlobalSection(SolutionProperties) = preSolution
		HideSolutionNode = FALSE
	EndGlobalSection
	GlobalSection(ExtensibilityGlobals) = postSolution
		SolutionGuid = {19BE4CDC-DAFC-43FE-8615-0DDC9C48338C}
	EndGlobalSection
EndGlobal
