
Microsoft Visual Studio Solution File, Format Version 12.00
# Visual Studio Version 16
VisualStudioVersion = 16.0.30523.141
MinimumVisualStudioVersion = 10.0.40219.1
Project("{FAE04EC0-301F-11D3-BF4B-00C04F79EFBC}") = "EmbeddedPicker.Android", "EmbeddedPicker\EmbeddedPicker.Android\EmbeddedPicker.Android.csproj", "{B45475F2-4A4C-4B14-B0C0-EB1E8E4037F2}"
EndProject
Project("{FAE04EC0-301F-11D3-BF4B-00C04F79EFBC}") = "EmbeddedPicker.iOS", "EmbeddedPicker\EmbeddedPicker.iOS\EmbeddedPicker.iOS.csproj", "{6D3B4DB2-C066-48E8-88D7-F00390F4BE89}"
EndProject
Project("{9A19103F-16F7-4668-BE54-9A1E7A4F7556}") = "EmbeddedPicker", "EmbeddedPicker\EmbeddedPicker\EmbeddedPicker.csproj", "{450E407C-30AA-4B12-8546-C05DBFE4EFFB}"
EndProject
Project("{FAE04EC0-301F-11D3-BF4B-00C04F79EFBC}") = "EmbeddedPicker.UWP", "EmbeddedPicker.UWP\EmbeddedPicker.UWP.csproj", "{221167CE-B3C5-4441-AE90-780FEEDA92C7}"
EndProject
Global
	GlobalSection(SolutionConfigurationPlatforms) = preSolution
		Ad-Hoc|Any CPU = Ad-Hoc|Any CPU
		Ad-Hoc|ARM = Ad-Hoc|ARM
		Ad-Hoc|ARM64 = Ad-Hoc|ARM64
		Ad-Hoc|iPhone = Ad-Hoc|iPhone
		Ad-Hoc|iPhoneSimulator = Ad-Hoc|iPhoneSimulator
		Ad-Hoc|x64 = Ad-Hoc|x64
		Ad-Hoc|x86 = Ad-Hoc|x86
		AppStore|Any CPU = AppStore|Any CPU
		AppStore|ARM = AppStore|ARM
		AppStore|ARM64 = AppStore|ARM64
		AppStore|iPhone = AppStore|iPhone
		AppStore|iPhoneSimulator = AppStore|iPhoneSimulator
		AppStore|x64 = AppStore|x64
		AppStore|x86 = AppStore|x86
		Debug|Any CPU = Debug|Any CPU
		Debug|ARM = Debug|ARM
		Debug|ARM64 = Debug|ARM64
		Debug|iPhone = Debug|iPhone
		Debug|iPhoneSimulator = Debug|iPhoneSimulator
		Debug|x64 = Debug|x64
		Debug|x86 = Debug|x86
		Release|Any CPU = Release|Any CPU
		Release|ARM = Release|ARM
		Release|ARM64 = Release|ARM64
		Release|iPhone = Release|iPhone
		Release|iPhoneSimulator = Release|iPhoneSimulator
		Release|x64 = Release|x64
		Release|x86 = Release|x86
	EndGlobalSection
	GlobalSection(ProjectConfigurationPlatforms) = postSolution
		{B45475F2-4A4C-4B14-B0C0-EB1E8E4037F2}.Ad-Hoc|Any CPU.ActiveCfg = Release|Any CPU
		{B45475F2-4A4C-4B14-B0C0-EB1E8E4037F2}.Ad-Hoc|Any CPU.Build.0 = Release|Any CPU
		{B45475F2-4A4C-4B14-B0C0-EB1E8E4037F2}.Ad-Hoc|Any CPU.Deploy.0 = Release|Any CPU
		{B45475F2-4A4C-4B14-B0C0-EB1E8E4037F2}.Ad-Hoc|ARM.ActiveCfg = Debug|Any CPU
		{B45475F2-4A4C-4B14-B0C0-EB1E8E4037F2}.Ad-Hoc|ARM.Build.0 = Debug|Any CPU
		{B45475F2-4A4C-4B14-B0C0-EB1E8E4037F2}.Ad-Hoc|ARM.Deploy.0 = Debug|Any CPU
		{B45475F2-4A4C-4B14-B0C0-EB1E8E4037F2}.Ad-Hoc|ARM64.ActiveCfg = Debug|Any CPU
		{B45475F2-4A4C-4B14-B0C0-EB1E8E4037F2}.Ad-Hoc|ARM64.Build.0 = Debug|Any CPU
		{B45475F2-4A4C-4B14-B0C0-EB1E8E4037F2}.Ad-Hoc|ARM64.Deploy.0 = Debug|Any CPU
		{B45475F2-4A4C-4B14-B0C0-EB1E8E4037F2}.Ad-Hoc|iPhone.ActiveCfg = Release|Any CPU
		{B45475F2-4A4C-4B14-B0C0-EB1E8E4037F2}.Ad-Hoc|iPhone.Build.0 = Release|Any CPU
		{B45475F2-4A4C-4B14-B0C0-EB1E8E4037F2}.Ad-Hoc|iPhone.Deploy.0 = Release|Any CPU
		{B45475F2-4A4C-4B14-B0C0-EB1E8E4037F2}.Ad-Hoc|iPhoneSimulator.ActiveCfg = Release|Any CPU
		{B45475F2-4A4C-4B14-B0C0-EB1E8E4037F2}.Ad-Hoc|iPhoneSimulator.Build.0 = Release|Any CPU
		{B45475F2-4A4C-4B14-B0C0-EB1E8E4037F2}.Ad-Hoc|iPhoneSimulator.Deploy.0 = Release|Any CPU
		{B45475F2-4A4C-4B14-B0C0-EB1E8E4037F2}.Ad-Hoc|x64.ActiveCfg = Debug|Any CPU
		{B45475F2-4A4C-4B14-B0C0-EB1E8E4037F2}.Ad-Hoc|x64.Build.0 = Debug|Any CPU
		{B45475F2-4A4C-4B14-B0C0-EB1E8E4037F2}.Ad-Hoc|x64.Deploy.0 = Debug|Any CPU
		{B45475F2-4A4C-4B14-B0C0-EB1E8E4037F2}.Ad-Hoc|x86.ActiveCfg = Debug|Any CPU
		{B45475F2-4A4C-4B14-B0C0-EB1E8E4037F2}.Ad-Hoc|x86.Build.0 = Debug|Any CPU
		{B45475F2-4A4C-4B14-B0C0-EB1E8E4037F2}.Ad-Hoc|x86.Deploy.0 = Debug|Any CPU
		{B45475F2-4A4C-4B14-B0C0-EB1E8E4037F2}.AppStore|Any CPU.ActiveCfg = Release|Any CPU
		{B45475F2-4A4C-4B14-B0C0-EB1E8E4037F2}.AppStore|Any CPU.Build.0 = Release|Any CPU
		{B45475F2-4A4C-4B14-B0C0-EB1E8E4037F2}.AppStore|Any CPU.Deploy.0 = Release|Any CPU
		{B45475F2-4A4C-4B14-B0C0-EB1E8E4037F2}.AppStore|ARM.ActiveCfg = Debug|Any CPU
		{B45475F2-4A4C-4B14-B0C0-EB1E8E4037F2}.AppStore|ARM.Build.0 = Debug|Any CPU
		{B45475F2-4A4C-4B14-B0C0-EB1E8E4037F2}.AppStore|ARM.Deploy.0 = Debug|Any CPU
		{B45475F2-4A4C-4B14-B0C0-EB1E8E4037F2}.AppStore|ARM64.ActiveCfg = Debug|Any CPU
		{B45475F2-4A4C-4B14-B0C0-EB1E8E4037F2}.AppStore|ARM64.Build.0 = Debug|Any CPU
		{B45475F2-4A4C-4B14-B0C0-EB1E8E4037F2}.AppStore|ARM64.Deploy.0 = Debug|Any CPU
		{B45475F2-4A4C-4B14-B0C0-EB1E8E4037F2}.AppStore|iPhone.ActiveCfg = Release|Any CPU
		{B45475F2-4A4C-4B14-B0C0-EB1E8E4037F2}.AppStore|iPhone.Build.0 = Release|Any CPU
		{B45475F2-4A4C-4B14-B0C0-EB1E8E4037F2}.AppStore|iPhone.Deploy.0 = Release|Any CPU
		{B45475F2-4A4C-4B14-B0C0-EB1E8E4037F2}.AppStore|iPhoneSimulator.ActiveCfg = Release|Any CPU
		{B45475F2-4A4C-4B14-B0C0-EB1E8E4037F2}.AppStore|iPhoneSimulator.Build.0 = Release|Any CPU
		{B45475F2-4A4C-4B14-B0C0-EB1E8E4037F2}.AppStore|iPhoneSimulator.Deploy.0 = Release|Any CPU
		{B45475F2-4A4C-4B14-B0C0-EB1E8E4037F2}.AppStore|x64.ActiveCfg = Debug|Any CPU
		{B45475F2-4A4C-4B14-B0C0-EB1E8E4037F2}.AppStore|x64.Build.0 = Debug|Any CPU
		{B45475F2-4A4C-4B14-B0C0-EB1E8E4037F2}.AppStore|x64.Deploy.0 = Debug|Any CPU
		{B45475F2-4A4C-4B14-B0C0-EB1E8E4037F2}.AppStore|x86.ActiveCfg = Debug|Any CPU
		{B45475F2-4A4C-4B14-B0C0-EB1E8E4037F2}.AppStore|x86.Build.0 = Debug|Any CPU
		{B45475F2-4A4C-4B14-B0C0-EB1E8E4037F2}.AppStore|x86.Deploy.0 = Debug|Any CPU
		{B45475F2-4A4C-4B14-B0C0-EB1E8E4037F2}.Debug|Any CPU.ActiveCfg = Debug|Any CPU
		{B45475F2-4A4C-4B14-B0C0-EB1E8E4037F2}.Debug|Any CPU.Build.0 = Debug|Any CPU
		{B45475F2-4A4C-4B14-B0C0-EB1E8E4037F2}.Debug|Any CPU.Deploy.0 = Debug|Any CPU
		{B45475F2-4A4C-4B14-B0C0-EB1E8E4037F2}.Debug|ARM.ActiveCfg = Debug|Any CPU
		{B45475F2-4A4C-4B14-B0C0-EB1E8E4037F2}.Debug|ARM.Build.0 = Debug|Any CPU
		{B45475F2-4A4C-4B14-B0C0-EB1E8E4037F2}.Debug|ARM.Deploy.0 = Debug|Any CPU
		{B45475F2-4A4C-4B14-B0C0-EB1E8E4037F2}.Debug|ARM64.ActiveCfg = Debug|Any CPU
		{B45475F2-4A4C-4B14-B0C0-EB1E8E4037F2}.Debug|ARM64.Build.0 = Debug|Any CPU
		{B45475F2-4A4C-4B14-B0C0-EB1E8E4037F2}.Debug|ARM64.Deploy.0 = Debug|Any CPU
		{B45475F2-4A4C-4B14-B0C0-EB1E8E4037F2}.Debug|iPhone.ActiveCfg = Debug|Any CPU
		{B45475F2-4A4C-4B14-B0C0-EB1E8E4037F2}.Debug|iPhone.Build.0 = Debug|Any CPU
		{B45475F2-4A4C-4B14-B0C0-EB1E8E4037F2}.Debug|iPhone.Deploy.0 = Debug|Any CPU
		{B45475F2-4A4C-4B14-B0C0-EB1E8E4037F2}.Debug|iPhoneSimulator.ActiveCfg = Debug|Any CPU
		{B45475F2-4A4C-4B14-B0C0-EB1E8E4037F2}.Debug|iPhoneSimulator.Build.0 = Debug|Any CPU
		{B45475F2-4A4C-4B14-B0C0-EB1E8E4037F2}.Debug|iPhoneSimulator.Deploy.0 = Debug|Any CPU
		{B45475F2-4A4C-4B14-B0C0-EB1E8E4037F2}.Debug|x64.ActiveCfg = Debug|Any CPU
		{B45475F2-4A4C-4B14-B0C0-EB1E8E4037F2}.Debug|x64.Build.0 = Debug|Any CPU
		{B45475F2-4A4C-4B14-B0C0-EB1E8E4037F2}.Debug|x64.Deploy.0 = Debug|Any CPU
		{B45475F2-4A4C-4B14-B0C0-EB1E8E4037F2}.Debug|x86.ActiveCfg = Debug|Any CPU
		{B45475F2-4A4C-4B14-B0C0-EB1E8E4037F2}.Debug|x86.Build.0 = Debug|Any CPU
		{B45475F2-4A4C-4B14-B0C0-EB1E8E4037F2}.Debug|x86.Deploy.0 = Debug|Any CPU
		{B45475F2-4A4C-4B14-B0C0-EB1E8E4037F2}.Release|Any CPU.ActiveCfg = Release|Any CPU
		{B45475F2-4A4C-4B14-B0C0-EB1E8E4037F2}.Release|Any CPU.Build.0 = Release|Any CPU
		{B45475F2-4A4C-4B14-B0C0-EB1E8E4037F2}.Release|Any CPU.Deploy.0 = Release|Any CPU
		{B45475F2-4A4C-4B14-B0C0-EB1E8E4037F2}.Release|ARM.ActiveCfg = Release|Any CPU
		{B45475F2-4A4C-4B14-B0C0-EB1E8E4037F2}.Release|ARM.Build.0 = Release|Any CPU
		{B45475F2-4A4C-4B14-B0C0-EB1E8E4037F2}.Release|ARM.Deploy.0 = Release|Any CPU
		{B45475F2-4A4C-4B14-B0C0-EB1E8E4037F2}.Release|ARM64.ActiveCfg = Release|Any CPU
		{B45475F2-4A4C-4B14-B0C0-EB1E8E4037F2}.Release|ARM64.Build.0 = Release|Any CPU
		{B45475F2-4A4C-4B14-B0C0-EB1E8E4037F2}.Release|ARM64.Deploy.0 = Release|Any CPU
		{B45475F2-4A4C-4B14-B0C0-EB1E8E4037F2}.Release|iPhone.ActiveCfg = Release|Any CPU
		{B45475F2-4A4C-4B14-B0C0-EB1E8E4037F2}.Release|iPhone.Build.0 = Release|Any CPU
		{B45475F2-4A4C-4B14-B0C0-EB1E8E4037F2}.Release|iPhone.Deploy.0 = Release|Any CPU
		{B45475F2-4A4C-4B14-B0C0-EB1E8E4037F2}.Release|iPhoneSimulator.ActiveCfg = Release|Any CPU
		{B45475F2-4A4C-4B14-B0C0-EB1E8E4037F2}.Release|iPhoneSimulator.Build.0 = Release|Any CPU
		{B45475F2-4A4C-4B14-B0C0-EB1E8E4037F2}.Release|iPhoneSimulator.Deploy.0 = Release|Any CPU
		{B45475F2-4A4C-4B14-B0C0-EB1E8E4037F2}.Release|x64.ActiveCfg = Release|Any CPU
		{B45475F2-4A4C-4B14-B0C0-EB1E8E4037F2}.Release|x64.Build.0 = Release|Any CPU
		{B45475F2-4A4C-4B14-B0C0-EB1E8E4037F2}.Release|x64.Deploy.0 = Release|Any CPU
		{B45475F2-4A4C-4B14-B0C0-EB1E8E4037F2}.Release|x86.ActiveCfg = Release|Any CPU
		{B45475F2-4A4C-4B14-B0C0-EB1E8E4037F2}.Release|x86.Build.0 = Release|Any CPU
		{B45475F2-4A4C-4B14-B0C0-EB1E8E4037F2}.Release|x86.Deploy.0 = Release|Any CPU
		{6D3B4DB2-C066-48E8-88D7-F00390F4BE89}.Ad-Hoc|Any CPU.ActiveCfg = Ad-Hoc|iPhone
		{6D3B4DB2-C066-48E8-88D7-F00390F4BE89}.Ad-Hoc|Any CPU.Build.0 = Ad-Hoc|iPhone
		{6D3B4DB2-C066-48E8-88D7-F00390F4BE89}.Ad-Hoc|Any CPU.Deploy.0 = Ad-Hoc|iPhone
		{6D3B4DB2-C066-48E8-88D7-F00390F4BE89}.Ad-Hoc|ARM.ActiveCfg = Ad-Hoc|iPhoneSimulator
		{6D3B4DB2-C066-48E8-88D7-F00390F4BE89}.Ad-Hoc|ARM64.ActiveCfg = Ad-Hoc|iPhoneSimulator
		{6D3B4DB2-C066-48E8-88D7-F00390F4BE89}.Ad-Hoc|iPhone.ActiveCfg = Ad-Hoc|iPhone
		{6D3B4DB2-C066-48E8-88D7-F00390F4BE89}.Ad-Hoc|iPhone.Build.0 = Ad-Hoc|iPhone
		{6D3B4DB2-C066-48E8-88D7-F00390F4BE89}.Ad-Hoc|iPhone.Deploy.0 = Ad-Hoc|iPhone
		{6D3B4DB2-C066-48E8-88D7-F00390F4BE89}.Ad-Hoc|iPhoneSimulator.ActiveCfg = Ad-Hoc|iPhoneSimulator
		{6D3B4DB2-C066-48E8-88D7-F00390F4BE89}.Ad-Hoc|iPhoneSimulator.Build.0 = Ad-Hoc|iPhoneSimulator
		{6D3B4DB2-C066-48E8-88D7-F00390F4BE89}.Ad-Hoc|iPhoneSimulator.Deploy.0 = Ad-Hoc|iPhoneSimulator
		{6D3B4DB2-C066-48E8-88D7-F00390F4BE89}.Ad-Hoc|x64.ActiveCfg = Ad-Hoc|iPhoneSimulator
		{6D3B4DB2-C066-48E8-88D7-F00390F4BE89}.Ad-Hoc|x86.ActiveCfg = Ad-Hoc|iPhoneSimulator
		{6D3B4DB2-C066-48E8-88D7-F00390F4BE89}.AppStore|Any CPU.ActiveCfg = AppStore|iPhone
		{6D3B4DB2-C066-48E8-88D7-F00390F4BE89}.AppStore|Any CPU.Build.0 = AppStore|iPhone
		{6D3B4DB2-C066-48E8-88D7-F00390F4BE89}.AppStore|Any CPU.Deploy.0 = AppStore|iPhone
		{6D3B4DB2-C066-48E8-88D7-F00390F4BE89}.AppStore|ARM.ActiveCfg = AppStore|iPhoneSimulator
		{6D3B4DB2-C066-48E8-88D7-F00390F4BE89}.AppStore|ARM64.ActiveCfg = AppStore|iPhoneSimulator
		{6D3B4DB2-C066-48E8-88D7-F00390F4BE89}.AppStore|iPhone.ActiveCfg = AppStore|iPhone
		{6D3B4DB2-C066-48E8-88D7-F00390F4BE89}.AppStore|iPhone.Build.0 = AppStore|iPhone
		{6D3B4DB2-C066-48E8-88D7-F00390F4BE89}.AppStore|iPhone.Deploy.0 = AppStore|iPhone
		{6D3B4DB2-C066-48E8-88D7-F00390F4BE89}.AppStore|iPhoneSimulator.ActiveCfg = AppStore|iPhoneSimulator
		{6D3B4DB2-C066-48E8-88D7-F00390F4BE89}.AppStore|iPhoneSimulator.Build.0 = AppStore|iPhoneSimulator
		{6D3B4DB2-C066-48E8-88D7-F00390F4BE89}.AppStore|iPhoneSimulator.Deploy.0 = AppStore|iPhoneSimulator
		{6D3B4DB2-C066-48E8-88D7-F00390F4BE89}.AppStore|x64.ActiveCfg = AppStore|iPhoneSimulator
		{6D3B4DB2-C066-48E8-88D7-F00390F4BE89}.AppStore|x86.ActiveCfg = AppStore|iPhoneSimulator
		{6D3B4DB2-C066-48E8-88D7-F00390F4BE89}.Debug|Any CPU.ActiveCfg = Debug|iPhoneSimulator
		{6D3B4DB2-C066-48E8-88D7-F00390F4BE89}.Debug|Any CPU.Build.0 = Debug|iPhoneSimulator
		{6D3B4DB2-C066-48E8-88D7-F00390F4BE89}.Debug|Any CPU.Deploy.0 = Debug|iPhoneSimulator
		{6D3B4DB2-C066-48E8-88D7-F00390F4BE89}.Debug|ARM.ActiveCfg = Debug|iPhone
		{6D3B4DB2-C066-48E8-88D7-F00390F4BE89}.Debug|ARM64.ActiveCfg = Debug|iPhone
		{6D3B4DB2-C066-48E8-88D7-F00390F4BE89}.Debug|iPhone.ActiveCfg = Debug|iPhone
		{6D3B4DB2-C066-48E8-88D7-F00390F4BE89}.Debug|iPhone.Build.0 = Debug|iPhone
		{6D3B4DB2-C066-48E8-88D7-F00390F4BE89}.Debug|iPhone.Deploy.0 = Debug|iPhone
		{6D3B4DB2-C066-48E8-88D7-F00390F4BE89}.Debug|iPhoneSimulator.ActiveCfg = Debug|iPhoneSimulator
		{6D3B4DB2-C066-48E8-88D7-F00390F4BE89}.Debug|iPhoneSimulator.Build.0 = Debug|iPhoneSimulator
		{6D3B4DB2-C066-48E8-88D7-F00390F4BE89}.Debug|iPhoneSimulator.Deploy.0 = Debug|iPhoneSimulator
		{6D3B4DB2-C066-48E8-88D7-F00390F4BE89}.Debug|x64.ActiveCfg = Debug|iPhone
		{6D3B4DB2-C066-48E8-88D7-F00390F4BE89}.Debug|x86.ActiveCfg = Debug|iPhone
		{6D3B4DB2-C066-48E8-88D7-F00390F4BE89}.Release|Any CPU.ActiveCfg = Release|iPhone
		{6D3B4DB2-C066-48E8-88D7-F00390F4BE89}.Release|Any CPU.Build.0 = Release|iPhone
		{6D3B4DB2-C066-48E8-88D7-F00390F4BE89}.Release|Any CPU.Deploy.0 = Release|iPhone
		{6D3B4DB2-C066-48E8-88D7-F00390F4BE89}.Release|ARM.ActiveCfg = Release|iPhoneSimulator
		{6D3B4DB2-C066-48E8-88D7-F00390F4BE89}.Release|ARM64.ActiveCfg = Release|iPhoneSimulator
		{6D3B4DB2-C066-48E8-88D7-F00390F4BE89}.Release|iPhone.ActiveCfg = Release|iPhone
		{6D3B4DB2-C066-48E8-88D7-F00390F4BE89}.Release|iPhone.Build.0 = Release|iPhone
		{6D3B4DB2-C066-48E8-88D7-F00390F4BE89}.Release|iPhone.Deploy.0 = Release|iPhone
		{6D3B4DB2-C066-48E8-88D7-F00390F4BE89}.Release|iPhoneSimulator.ActiveCfg = Release|iPhoneSimulator
		{6D3B4DB2-C066-48E8-88D7-F00390F4BE89}.Release|iPhoneSimulator.Build.0 = Release|iPhoneSimulator
		{6D3B4DB2-C066-48E8-88D7-F00390F4BE89}.Release|iPhoneSimulator.Deploy.0 = Release|iPhoneSimulator
		{6D3B4DB2-C066-48E8-88D7-F00390F4BE89}.Release|x64.ActiveCfg = Release|iPhoneSimulator
		{6D3B4DB2-C066-48E8-88D7-F00390F4BE89}.Release|x86.ActiveCfg = Release|iPhoneSimulator
		{450E407C-30AA-4B12-8546-C05DBFE4EFFB}.Ad-Hoc|Any CPU.ActiveCfg = Debug|Any CPU
		{450E407C-30AA-4B12-8546-C05DBFE4EFFB}.Ad-Hoc|Any CPU.Build.0 = Debug|Any CPU
		{450E407C-30AA-4B12-8546-C05DBFE4EFFB}.Ad-Hoc|Any CPU.Deploy.0 = Debug|Any CPU
		{450E407C-30AA-4B12-8546-C05DBFE4EFFB}.Ad-Hoc|ARM.ActiveCfg = Release|Any CPU
		{450E407C-30AA-4B12-8546-C05DBFE4EFFB}.Ad-Hoc|ARM.Build.0 = Release|Any CPU
		{450E407C-30AA-4B12-8546-C05DBFE4EFFB}.Ad-Hoc|ARM64.ActiveCfg = Release|Any CPU
		{450E407C-30AA-4B12-8546-C05DBFE4EFFB}.Ad-Hoc|ARM64.Build.0 = Release|Any CPU
		{450E407C-30AA-4B12-8546-C05DBFE4EFFB}.Ad-Hoc|iPhone.ActiveCfg = Debug|Any CPU
		{450E407C-30AA-4B12-8546-C05DBFE4EFFB}.Ad-Hoc|iPhone.Build.0 = Debug|Any CPU
		{450E407C-30AA-4B12-8546-C05DBFE4EFFB}.Ad-Hoc|iPhone.Deploy.0 = Debug|Any CPU
		{450E407C-30AA-4B12-8546-C05DBFE4EFFB}.Ad-Hoc|iPhoneSimulator.ActiveCfg = Debug|Any CPU
		{450E407C-30AA-4B12-8546-C05DBFE4EFFB}.Ad-Hoc|iPhoneSimulator.Build.0 = Debug|Any CPU
		{450E407C-30AA-4B12-8546-C05DBFE4EFFB}.Ad-Hoc|iPhoneSimulator.Deploy.0 = Debug|Any CPU
		{450E407C-30AA-4B12-8546-C05DBFE4EFFB}.Ad-Hoc|x64.ActiveCfg = Release|Any CPU
		{450E407C-30AA-4B12-8546-C05DBFE4EFFB}.Ad-Hoc|x64.Build.0 = Release|Any CPU
		{450E407C-30AA-4B12-8546-C05DBFE4EFFB}.Ad-Hoc|x86.ActiveCfg = Release|Any CPU
		{450E407C-30AA-4B12-8546-C05DBFE4EFFB}.Ad-Hoc|x86.Build.0 = Release|Any CPU
		{450E407C-30AA-4B12-8546-C05DBFE4EFFB}.AppStore|Any CPU.ActiveCfg = Debug|Any CPU
		{450E407C-30AA-4B12-8546-C05DBFE4EFFB}.AppStore|Any CPU.Build.0 = Debug|Any CPU
		{450E407C-30AA-4B12-8546-C05DBFE4EFFB}.AppStore|Any CPU.Deploy.0 = Debug|Any CPU
		{450E407C-30AA-4B12-8546-C05DBFE4EFFB}.AppStore|ARM.ActiveCfg = Release|Any CPU
		{450E407C-30AA-4B12-8546-C05DBFE4EFFB}.AppStore|ARM.Build.0 = Release|Any CPU
		{450E407C-30AA-4B12-8546-C05DBFE4EFFB}.AppStore|ARM64.ActiveCfg = Release|Any CPU
		{450E407C-30AA-4B12-8546-C05DBFE4EFFB}.AppStore|ARM64.Build.0 = Release|Any CPU
		{450E407C-30AA-4B12-8546-C05DBFE4EFFB}.AppStore|iPhone.ActiveCfg = Debug|Any CPU
		{450E407C-30AA-4B12-8546-C05DBFE4EFFB}.AppStore|iPhone.Build.0 = Debug|Any CPU
		{450E407C-30AA-4B12-8546-C05DBFE4EFFB}.AppStore|iPhone.Deploy.0 = Debug|Any CPU
		{450E407C-30AA-4B12-8546-C05DBFE4EFFB}.AppStore|iPhoneSimulator.ActiveCfg = Debug|Any CPU
		{450E407C-30AA-4B12-8546-C05DBFE4EFFB}.AppStore|iPhoneSimulator.Build.0 = Debug|Any CPU
		{450E407C-30AA-4B12-8546-C05DBFE4EFFB}.AppStore|iPhoneSimulator.Deploy.0 = Debug|Any CPU
		{450E407C-30AA-4B12-8546-C05DBFE4EFFB}.AppStore|x64.ActiveCfg = Release|Any CPU
		{450E407C-30AA-4B12-8546-C05DBFE4EFFB}.AppStore|x64.Build.0 = Release|Any CPU
		{450E407C-30AA-4B12-8546-C05DBFE4EFFB}.AppStore|x86.ActiveCfg = Release|Any CPU
		{450E407C-30AA-4B12-8546-C05DBFE4EFFB}.AppStore|x86.Build.0 = Release|Any CPU
		{450E407C-30AA-4B12-8546-C05DBFE4EFFB}.Debug|Any CPU.ActiveCfg = Debug|Any CPU
		{450E407C-30AA-4B12-8546-C05DBFE4EFFB}.Debug|Any CPU.Build.0 = Debug|Any CPU
		{450E407C-30AA-4B12-8546-C05DBFE4EFFB}.Debug|Any CPU.Deploy.0 = Debug|Any CPU
		{450E407C-30AA-4B12-8546-C05DBFE4EFFB}.Debug|ARM.ActiveCfg = Debug|Any CPU
		{450E407C-30AA-4B12-8546-C05DBFE4EFFB}.Debug|ARM.Build.0 = Debug|Any CPU
		{450E407C-30AA-4B12-8546-C05DBFE4EFFB}.Debug|ARM64.ActiveCfg = Debug|Any CPU
		{450E407C-30AA-4B12-8546-C05DBFE4EFFB}.Debug|ARM64.Build.0 = Debug|Any CPU
		{450E407C-30AA-4B12-8546-C05DBFE4EFFB}.Debug|iPhone.ActiveCfg = Debug|Any CPU
		{450E407C-30AA-4B12-8546-C05DBFE4EFFB}.Debug|iPhone.Build.0 = Debug|Any CPU
		{450E407C-30AA-4B12-8546-C05DBFE4EFFB}.Debug|iPhone.Deploy.0 = Debug|Any CPU
		{450E407C-30AA-4B12-8546-C05DBFE4EFFB}.Debug|iPhoneSimulator.ActiveCfg = Debug|Any CPU
		{450E407C-30AA-4B12-8546-C05DBFE4EFFB}.Debug|iPhoneSimulator.Build.0 = Debug|Any CPU
		{450E407C-30AA-4B12-8546-C05DBFE4EFFB}.Debug|iPhoneSimulator.Deploy.0 = Debug|Any CPU
		{450E407C-30AA-4B12-8546-C05DBFE4EFFB}.Debug|x64.ActiveCfg = Debug|Any CPU
		{450E407C-30AA-4B12-8546-C05DBFE4EFFB}.Debug|x64.Build.0 = Debug|Any CPU
		{450E407C-30AA-4B12-8546-C05DBFE4EFFB}.Debug|x86.ActiveCfg = Debug|Any CPU
		{450E407C-30AA-4B12-8546-C05DBFE4EFFB}.Debug|x86.Build.0 = Debug|Any CPU
		{450E407C-30AA-4B12-8546-C05DBFE4EFFB}.Release|Any CPU.ActiveCfg = Release|Any CPU
		{450E407C-30AA-4B12-8546-C05DBFE4EFFB}.Release|Any CPU.Build.0 = Release|Any CPU
		{450E407C-30AA-4B12-8546-C05DBFE4EFFB}.Release|Any CPU.Deploy.0 = Release|Any CPU
		{450E407C-30AA-4B12-8546-C05DBFE4EFFB}.Release|ARM.ActiveCfg = Release|Any CPU
		{450E407C-30AA-4B12-8546-C05DBFE4EFFB}.Release|ARM.Build.0 = Release|Any CPU
		{450E407C-30AA-4B12-8546-C05DBFE4EFFB}.Release|ARM64.ActiveCfg = Release|Any CPU
		{450E407C-30AA-4B12-8546-C05DBFE4EFFB}.Release|ARM64.Build.0 = Release|Any CPU
		{450E407C-30AA-4B12-8546-C05DBFE4EFFB}.Release|iPhone.ActiveCfg = Release|Any CPU
		{450E407C-30AA-4B12-8546-C05DBFE4EFFB}.Release|iPhone.Build.0 = Release|Any CPU
		{450E407C-30AA-4B12-8546-C05DBFE4EFFB}.Release|iPhone.Deploy.0 = Release|Any CPU
		{450E407C-30AA-4B12-8546-C05DBFE4EFFB}.Release|iPhoneSimulator.ActiveCfg = Release|Any CPU
		{450E407C-30AA-4B12-8546-C05DBFE4EFFB}.Release|iPhoneSimulator.Build.0 = Release|Any CPU
		{450E407C-30AA-4B12-8546-C05DBFE4EFFB}.Release|iPhoneSimulator.Deploy.0 = Release|Any CPU
		{450E407C-30AA-4B12-8546-C05DBFE4EFFB}.Release|x64.ActiveCfg = Release|Any CPU
		{450E407C-30AA-4B12-8546-C05DBFE4EFFB}.Release|x64.Build.0 = Release|Any CPU
		{450E407C-30AA-4B12-8546-C05DBFE4EFFB}.Release|x86.ActiveCfg = Release|Any CPU
		{450E407C-30AA-4B12-8546-C05DBFE4EFFB}.Release|x86.Build.0 = Release|Any CPU
		{221167CE-B3C5-4441-AE90-780FEEDA92C7}.Ad-Hoc|Any CPU.ActiveCfg = Debug|x86
		{221167CE-B3C5-4441-AE90-780FEEDA92C7}.Ad-Hoc|Any CPU.Build.0 = Debug|x86
		{221167CE-B3C5-4441-AE90-780FEEDA92C7}.Ad-Hoc|Any CPU.Deploy.0 = Debug|x86
		{221167CE-B3C5-4441-AE90-780FEEDA92C7}.Ad-Hoc|ARM.ActiveCfg = Debug|ARM
		{221167CE-B3C5-4441-AE90-780FEEDA92C7}.Ad-Hoc|ARM.Build.0 = Debug|ARM
		{221167CE-B3C5-4441-AE90-780FEEDA92C7}.Ad-Hoc|ARM.Deploy.0 = Debug|ARM
		{221167CE-B3C5-4441-AE90-780FEEDA92C7}.Ad-Hoc|ARM64.ActiveCfg = Debug|ARM64
		{221167CE-B3C5-4441-AE90-780FEEDA92C7}.Ad-Hoc|ARM64.Build.0 = Debug|ARM64
		{221167CE-B3C5-4441-AE90-780FEEDA92C7}.Ad-Hoc|ARM64.Deploy.0 = Debug|ARM64
		{221167CE-B3C5-4441-AE90-780FEEDA92C7}.Ad-Hoc|iPhone.ActiveCfg = Debug|x86
		{221167CE-B3C5-4441-AE90-780FEEDA92C7}.Ad-Hoc|iPhone.Build.0 = Debug|x86
		{221167CE-B3C5-4441-AE90-780FEEDA92C7}.Ad-Hoc|iPhone.Deploy.0 = Debug|x86
		{221167CE-B3C5-4441-AE90-780FEEDA92C7}.Ad-Hoc|iPhoneSimulator.ActiveCfg = Debug|x86
		{221167CE-B3C5-4441-AE90-780FEEDA92C7}.Ad-Hoc|iPhoneSimulator.Build.0 = Debug|x86
		{221167CE-B3C5-4441-AE90-780FEEDA92C7}.Ad-Hoc|iPhoneSimulator.Deploy.0 = Debug|x86
		{221167CE-B3C5-4441-AE90-780FEEDA92C7}.Ad-Hoc|x64.ActiveCfg = Debug|x64
		{221167CE-B3C5-4441-AE90-780FEEDA92C7}.Ad-Hoc|x64.Build.0 = Debug|x64
		{221167CE-B3C5-4441-AE90-780FEEDA92C7}.Ad-Hoc|x64.Deploy.0 = Debug|x64
		{221167CE-B3C5-4441-AE90-780FEEDA92C7}.Ad-Hoc|x86.ActiveCfg = Debug|x86
		{221167CE-B3C5-4441-AE90-780FEEDA92C7}.Ad-Hoc|x86.Build.0 = Debug|x86
		{221167CE-B3C5-4441-AE90-780FEEDA92C7}.Ad-Hoc|x86.Deploy.0 = Debug|x86
		{221167CE-B3C5-4441-AE90-780FEEDA92C7}.AppStore|Any CPU.ActiveCfg = Debug|x86
		{221167CE-B3C5-4441-AE90-780FEEDA92C7}.AppStore|Any CPU.Build.0 = Debug|x86
		{221167CE-B3C5-4441-AE90-780FEEDA92C7}.AppStore|Any CPU.Deploy.0 = Debug|x86
		{221167CE-B3C5-4441-AE90-780FEEDA92C7}.AppStore|ARM.ActiveCfg = Debug|ARM
		{221167CE-B3C5-4441-AE90-780FEEDA92C7}.AppStore|ARM.Build.0 = Debug|ARM
		{221167CE-B3C5-4441-AE90-780FEEDA92C7}.AppStore|ARM.Deploy.0 = Debug|ARM
		{221167CE-B3C5-4441-AE90-780FEEDA92C7}.AppStore|ARM64.ActiveCfg = Debug|ARM64
		{221167CE-B3C5-4441-AE90-780FEEDA92C7}.AppStore|ARM64.Build.0 = Debug|ARM64
		{221167CE-B3C5-4441-AE90-780FEEDA92C7}.AppStore|ARM64.Deploy.0 = Debug|ARM64
		{221167CE-B3C5-4441-AE90-780FEEDA92C7}.AppStore|iPhone.ActiveCfg = Debug|x86
		{221167CE-B3C5-4441-AE90-780FEEDA92C7}.AppStore|iPhone.Build.0 = Debug|x86
		{221167CE-B3C5-4441-AE90-780FEEDA92C7}.AppStore|iPhone.Deploy.0 = Debug|x86
		{221167CE-B3C5-4441-AE90-780FEEDA92C7}.AppStore|iPhoneSimulator.ActiveCfg = Debug|x86
		{221167CE-B3C5-4441-AE90-780FEEDA92C7}.AppStore|iPhoneSimulator.Build.0 = Debug|x86
		{221167CE-B3C5-4441-AE90-780FEEDA92C7}.AppStore|iPhoneSimulator.Deploy.0 = Debug|x86
		{221167CE-B3C5-4441-AE90-780FEEDA92C7}.AppStore|x64.ActiveCfg = Debug|x64
		{221167CE-B3C5-4441-AE90-780FEEDA92C7}.AppStore|x64.Build.0 = Debug|x64
		{221167CE-B3C5-4441-AE90-780FEEDA92C7}.AppStore|x64.Deploy.0 = Debug|x64
		{221167CE-B3C5-4441-AE90-780FEEDA92C7}.AppStore|x86.ActiveCfg = Debug|x86
		{221167CE-B3C5-4441-AE90-780FEEDA92C7}.AppStore|x86.Build.0 = Debug|x86
		{221167CE-B3C5-4441-AE90-780FEEDA92C7}.AppStore|x86.Deploy.0 = Debug|x86
		{221167CE-B3C5-4441-AE90-780FEEDA92C7}.Debug|Any CPU.ActiveCfg = Debug|x86
		{221167CE-B3C5-4441-AE90-780FEEDA92C7}.Debug|ARM.ActiveCfg = Debug|ARM
		{221167CE-B3C5-4441-AE90-780FEEDA92C7}.Debug|ARM.Build.0 = Debug|ARM
		{221167CE-B3C5-4441-AE90-780FEEDA92C7}.Debug|ARM.Deploy.0 = Debug|ARM
		{221167CE-B3C5-4441-AE90-780FEEDA92C7}.Debug|ARM64.ActiveCfg = Debug|ARM64
		{221167CE-B3C5-4441-AE90-780FEEDA92C7}.Debug|ARM64.Build.0 = Debug|ARM64
		{221167CE-B3C5-4441-AE90-780FEEDA92C7}.Debug|ARM64.Deploy.0 = Debug|ARM64
		{221167CE-B3C5-4441-AE90-780FEEDA92C7}.Debug|iPhone.ActiveCfg = Debug|x86
		{221167CE-B3C5-4441-AE90-780FEEDA92C7}.Debug|iPhoneSimulator.ActiveCfg = Debug|x86
		{221167CE-B3C5-4441-AE90-780FEEDA92C7}.Debug|x64.ActiveCfg = Debug|x64
		{221167CE-B3C5-4441-AE90-780FEEDA92C7}.Debug|x64.Build.0 = Debug|x64
		{221167CE-B3C5-4441-AE90-780FEEDA92C7}.Debug|x64.Deploy.0 = Debug|x64
		{221167CE-B3C5-4441-AE90-780FEEDA92C7}.Debug|x86.ActiveCfg = Debug|x86
		{221167CE-B3C5-4441-AE90-780FEEDA92C7}.Debug|x86.Build.0 = Debug|x86
		{221167CE-B3C5-4441-AE90-780FEEDA92C7}.Debug|x86.Deploy.0 = Debug|x86
		{221167CE-B3C5-4441-AE90-780FEEDA92C7}.Release|Any CPU.ActiveCfg = Release|x86
		{221167CE-B3C5-4441-AE90-780FEEDA92C7}.Release|ARM.ActiveCfg = Release|ARM
		{221167CE-B3C5-4441-AE90-780FEEDA92C7}.Release|ARM.Build.0 = Release|ARM
		{221167CE-B3C5-4441-AE90-780FEEDA92C7}.Release|ARM.Deploy.0 = Release|ARM
		{221167CE-B3C5-4441-AE90-780FEEDA92C7}.Release|ARM64.ActiveCfg = Release|ARM64
		{221167CE-B3C5-4441-AE90-780FEEDA92C7}.Release|ARM64.Build.0 = Release|ARM64
		{221167CE-B3C5-4441-AE90-780FEEDA92C7}.Release|ARM64.Deploy.0 = Release|ARM64
		{221167CE-B3C5-4441-AE90-780FEEDA92C7}.Release|iPhone.ActiveCfg = Release|x86
		{221167CE-B3C5-4441-AE90-780FEEDA92C7}.Release|iPhoneSimulator.ActiveCfg = Release|x86
		{221167CE-B3C5-4441-AE90-780FEEDA92C7}.Release|x64.ActiveCfg = Release|x64
		{221167CE-B3C5-4441-AE90-780FEEDA92C7}.Release|x64.Build.0 = Release|x64
		{221167CE-B3C5-4441-AE90-780FEEDA92C7}.Release|x64.Deploy.0 = Release|x64
		{221167CE-B3C5-4441-AE90-780FEEDA92C7}.Release|x86.ActiveCfg = Release|x86
		{221167CE-B3C5-4441-AE90-780FEEDA92C7}.Release|x86.Build.0 = Release|x86
		{221167CE-B3C5-4441-AE90-780FEEDA92C7}.Release|x86.Deploy.0 = Release|x86
	EndGlobalSection
	GlobalSection(SolutionProperties) = preSolution
		HideSolutionNode = FALSE
	EndGlobalSection
	GlobalSection(ExtensibilityGlobals) = postSolution
		SolutionGuid = {19BE4CDC-DAFC-43FE-8615-0DDC9C48338C}
	EndGlobalSection
EndGlobal
